<?xml version="1.0" encoding="utf-8"?>
<Project ToolsVersion="4.0" xmlns="http://schemas.microsoft.com/developer/msbuild/2003">
  <ItemGroup>
    <Filter Include="Source Files">
      <UniqueIdentifier>{4FC737F1-C7A5-4376-A066-2A32D752A2FF}</UniqueIdentifier>
      <Extensions>cpp;c;cc;cxx;def;odl;idl;hpj;bat;asm;asmx</Extensions>
    </Filter>
    <Filter Include="Header Files">
      <UniqueIdentifier>{93995380-89BD-4b04-88EB-625FBE52EBFB}</UniqueIdentifier>
      <Extensions>h;hh;hpp;hxx;hm;inl;inc;xsd</Extensions>
    </Filter>
    <Filter Include="Resource Files">
      <UniqueIdentifier>{67DA6AB6-F800-4c08-8B7A-83BB121AAD01}</UniqueIdentifier>
      <Extensions>rc;ico;cur;bmp;dlg;rc2;rct;bin;rgs;gif;jpg;jpeg;jpe;resx;tiff;tif;png;wav;mfcribbon-ms</Extensions>
    </Filter>
    <Filter Include="Shaders">
      <UniqueIdentifier>{8b6c92a8-f65d-451e-80e3-d65773602b92}</UniqueIdentifier>
    </Filter>
    <Filter Include="Source Files\Backend">
      <UniqueIdentifier>{42fe9bdc-9c41-4708-94cb-0635256435a7}</UniqueIdentifier>
    </Filter>
    <Filter Include="Source Files\Backend\DirectX">
      <UniqueIdentifier>{9df1828d-0fd1-4071-b8a3-93d5dc5950e1}</UniqueIdentifier>
    </Filter>
    <Filter Include="Header Files\Backend">
      <UniqueIdentifier>{144cfbc1-2035-4a63-8c56-52ffe2c173b2}</UniqueIdentifier>
    </Filter>
    <Filter Include="Header Files\Backend\DirectX">
      <UniqueIdentifier>{25ccc09a-25cb-4dff-a465-c6e0511f001b}</UniqueIdentifier>
    </Filter>
    <Filter Include="Header Files\Game">
      <UniqueIdentifier>{a4eaaa4a-acda-41aa-aa0b-a9b71f63c895}</UniqueIdentifier>
    </Filter>
    <Filter Include="Source Files\Game">
      <UniqueIdentifier>{4366bc57-d96e-4e93-ab24-ef552b336e05}</UniqueIdentifier>
    </Filter>
    <Filter Include="Source Files\Backend\Gui">
      <UniqueIdentifier>{4a1594ed-0209-46a5-9849-c13a5752791c}</UniqueIdentifier>
    </Filter>
    <Filter Include="Header Files\Backend\Gui">
      <UniqueIdentifier>{7e7f3c18-7aed-47f2-b24f-96b9e153d7cc}</UniqueIdentifier>
    </Filter>
  </ItemGroup>
  <ItemGroup>
    <ClInclude Include="ChiliException.h">
      <Filter>Header Files\Backend\DirectX</Filter>
    </ClInclude>
    <ClInclude Include="ChiliWin.h">
      <Filter>Header Files\Backend\DirectX</Filter>
    </ClInclude>
    <ClInclude Include="Colors.h">
      <Filter>Header Files\Backend\DirectX</Filter>
    </ClInclude>
    <ClInclude Include="DXErr.h">
      <Filter>Header Files\Backend\DirectX</Filter>
    </ClInclude>
    <ClInclude Include="Graphics.h">
      <Filter>Header Files\Backend\DirectX</Filter>
    </ClInclude>
    <ClInclude Include="Keyboard.h">
      <Filter>Header Files\Backend\DirectX</Filter>
    </ClInclude>
    <ClInclude Include="MainWindow.h">
      <Filter>Header Files\Backend\DirectX</Filter>
    </ClInclude>
    <ClInclude Include="Mouse.h">
      <Filter>Header Files\Backend\DirectX</Filter>
    </ClInclude>
    <ClInclude Include="Resource.h">
      <Filter>Header Files\Backend\DirectX</Filter>
    </ClInclude>
    <ClInclude Include="Gui.h">
      <Filter>Header Files\Backend\Gui</Filter>
    </ClInclude>
    <ClInclude Include="Sound.h">
      <Filter>Header Files\Backend\DirectX</Filter>
    </ClInclude>
    <ClInclude Include="SoundEffect.h">
      <Filter>Header Files\Backend\DirectX</Filter>
    </ClInclude>
    <ClInclude Include="Game.h">
      <Filter>Header Files\Game</Filter>
    </ClInclude>
    <ClInclude Include="RGB_Data.h">
      <Filter>Header Files\Backend\Gui</Filter>
    </ClInclude>
    <ClInclude Include="Image.h">
      <Filter>Header Files\Backend\Gui</Filter>
    </ClInclude>
    <ClInclude Include="Sprite.h">
      <Filter>Header Files\Backend\Gui</Filter>
    </ClInclude>
  </ItemGroup>
  <ItemGroup>
    <ClCompile Include="Mouse.cpp">
      <Filter>Source Files\Backend\DirectX</Filter>
    </ClCompile>
    <ClCompile Include="Keyboard.cpp">
      <Filter>Source Files\Backend\DirectX</Filter>
    </ClCompile>
    <ClCompile Include="MainWindow.cpp">
      <Filter>Source Files\Backend\DirectX</Filter>
    </ClCompile>
    <ClCompile Include="Graphics.cpp">
      <Filter>Source Files\Backend\DirectX</Filter>
    </ClCompile>
    <ClCompile Include="DXErr.cpp">
      <Filter>Source Files\Backend\DirectX</Filter>
    </ClCompile>
    <ClCompile Include="Gui.cpp">
      <Filter>Source Files\Backend\Gui</Filter>
    </ClCompile>
    <ClCompile Include="EntryPoint.cpp">
      <Filter>Source Files\Backend\DirectX</Filter>
    </ClCompile>
    <ClCompile Include="Sound.cpp">
      <Filter>Source Files\Backend\DirectX</Filter>
    </ClCompile>
    <ClCompile Include="Game.cpp">
      <Filter>Source Files\Game</Filter>
    </ClCompile>
    <ClCompile Include="RGB_Data.cpp">
      <Filter>Source Files\Backend\Gui</Filter>
    </ClCompile>
    <ClCompile Include="Image.cpp">
      <Filter>Source Files\Backend\Gui</Filter>
    </ClCompile>
    <ClCompile Include="Sprite.cpp">
      <Filter>Source Files\Backend\Gui</Filter>
    </ClCompile>
  </ItemGroup>
  <ItemGroup>
    <FxCompile Include="FramebufferPS.hlsl">
      <Filter>Shaders</Filter>
    </FxCompile>
    <FxCompile Include="FramebufferVS.hlsl">
      <Filter>Shaders</Filter>
    </FxCompile>
  </ItemGroup>
  <ItemGroup>
    <ResourceCompile Include="Resource.rc">
      <Filter>Resource Files</Filter>
    </ResourceCompile>
  </ItemGroup>
  <ItemGroup>
    <Image Include="HHHS.ico">
      <Filter>Resource Files</Filter>
    </Image>
  </ItemGroup>
</Project>